
Microsoft Visual Studio Solution File, Format Version 12.00
Project("{FAE04EC0-301F-11D3-BF4B-00C04F79EFBC}") = "Day1", "Day1\Day1.csproj", "{EEC162F5-7DD7-4C39-93A3-2E9952180A63}"
EndProject
Project("{FAE04EC0-301F-11D3-BF4B-00C04F79EFBC}") = "Day2", "Day2\Day2.csproj", "{F7F4CB3D-4815-4EB8-9420-5D2BCE31BDE8}"
EndProject
Global
	GlobalSection(SolutionConfigurationPlatforms) = preSolution
		Debug|Any CPU = Debug|Any CPU
		Release|Any CPU = Release|Any CPU
	EndGlobalSection
	GlobalSection(ProjectConfigurationPlatforms) = postSolution
		{EEC162F5-7DD7-4C39-93A3-2E9952180A63}.Debug|Any CPU.ActiveCfg = Debug|Any CPU
		{EEC162F5-7DD7-4C39-93A3-2E9952180A63}.Debug|Any CPU.Build.0 = Debug|Any CPU
		{EEC162F5-7DD7-4C39-93A3-2E9952180A63}.Release|Any CPU.ActiveCfg = Release|Any CPU
		{EEC162F5-7DD7-4C39-93A3-2E9952180A63}.Release|Any CPU.Build.0 = Release|Any CPU
		{F7F4CB3D-4815-4EB8-9420-5D2BCE31BDE8}.Debug|Any CPU.ActiveCfg = Debug|Any CPU
		{F7F4CB3D-4815-4EB8-9420-5D2BCE31BDE8}.Debug|Any CPU.Build.0 = Debug|Any CPU
		{F7F4CB3D-4815-4EB8-9420-5D2BCE31BDE8}.Release|Any CPU.ActiveCfg = Release|Any CPU
		{F7F4CB3D-4815-4EB8-9420-5D2BCE31BDE8}.Release|Any CPU.Build.0 = Release|Any CPU
	EndGlobalSection
EndGlobal
