
Microsoft Visual Studio Solution File, Format Version 12.00
Project("{FAE04EC0-301F-11D3-BF4B-00C04F79EFBC}") = "Day1", "Day1\Day1.csproj", "{EEC162F5-7DD7-4C39-93A3-2E9952180A63}"
EndProject
Project("{FAE04EC0-301F-11D3-BF4B-00C04F79EFBC}") = "Day2", "Day2\Day2.csproj", "{F7F4CB3D-4815-4EB8-9420-5D2BCE31BDE8}"
EndProject
Project("{FAE04EC0-301F-11D3-BF4B-00C04F79EFBC}") = "Day3", "Day3\Day3.csproj", "{36F7CD8A-1513-4C31-8B8E-D326B088BD8E}"
EndProject
Project("{FAE04EC0-301F-11D3-BF4B-00C04F79EFBC}") = "Day4", "Day4\Day4.csproj", "{B2E3C2C9-F8EC-43AE-82F4-D122B32473A7}"
EndProject
Project("{FAE04EC0-301F-11D3-BF4B-00C04F79EFBC}") = "Day5", "Day5\Day5.csproj", "{1738EF5B-756D-4D89-B804-B41F359CA0FD}"
EndProject
Project("{FAE04EC0-301F-11D3-BF4B-00C04F79EFBC}") = "Day6", "Day6\Day6.csproj", "{AF7D54CA-FE1C-40EC-83CD-F904217FFA52}"
EndProject
Project("{FAE04EC0-301F-11D3-BF4B-00C04F79EFBC}") = "Day7", "Day7\Day7.csproj", "{1216AC18-C362-4F3A-B7F2-A8AB03F935CC}"
EndProject
Project("{FAE04EC0-301F-11D3-BF4B-00C04F79EFBC}") = "Day8", "Day8\Day8.csproj", "{3E533A92-5EE0-4ABA-A75C-D006904F6398}"
EndProject
Project("{FAE04EC0-301F-11D3-BF4B-00C04F79EFBC}") = "Day9", "Day9\Day9.csproj", "{3E1A39C9-1C65-471E-9853-D9459F9D6763}"
EndProject
Project("{FAE04EC0-301F-11D3-BF4B-00C04F79EFBC}") = "Day10", "Day10\Day10.csproj", "{FA5296C2-14EE-4D63-A189-431371D58C16}"
EndProject
Project("{FAE04EC0-301F-11D3-BF4B-00C04F79EFBC}") = "Day11", "Day11\Day11.csproj", "{368E2767-94AE-4DF3-B05F-8EBD3A0525B0}"
EndProject
Global
	GlobalSection(SolutionConfigurationPlatforms) = preSolution
		Debug|Any CPU = Debug|Any CPU
		Release|Any CPU = Release|Any CPU
	EndGlobalSection
	GlobalSection(ProjectConfigurationPlatforms) = postSolution
		{EEC162F5-7DD7-4C39-93A3-2E9952180A63}.Debug|Any CPU.ActiveCfg = Debug|Any CPU
		{EEC162F5-7DD7-4C39-93A3-2E9952180A63}.Debug|Any CPU.Build.0 = Debug|Any CPU
		{EEC162F5-7DD7-4C39-93A3-2E9952180A63}.Release|Any CPU.ActiveCfg = Release|Any CPU
		{EEC162F5-7DD7-4C39-93A3-2E9952180A63}.Release|Any CPU.Build.0 = Release|Any CPU
		{F7F4CB3D-4815-4EB8-9420-5D2BCE31BDE8}.Debug|Any CPU.ActiveCfg = Debug|Any CPU
		{F7F4CB3D-4815-4EB8-9420-5D2BCE31BDE8}.Debug|Any CPU.Build.0 = Debug|Any CPU
		{F7F4CB3D-4815-4EB8-9420-5D2BCE31BDE8}.Release|Any CPU.ActiveCfg = Release|Any CPU
		{F7F4CB3D-4815-4EB8-9420-5D2BCE31BDE8}.Release|Any CPU.Build.0 = Release|Any CPU
		{36F7CD8A-1513-4C31-8B8E-D326B088BD8E}.Debug|Any CPU.ActiveCfg = Debug|Any CPU
		{36F7CD8A-1513-4C31-8B8E-D326B088BD8E}.Debug|Any CPU.Build.0 = Debug|Any CPU
		{36F7CD8A-1513-4C31-8B8E-D326B088BD8E}.Release|Any CPU.ActiveCfg = Release|Any CPU
		{36F7CD8A-1513-4C31-8B8E-D326B088BD8E}.Release|Any CPU.Build.0 = Release|Any CPU
		{B2E3C2C9-F8EC-43AE-82F4-D122B32473A7}.Debug|Any CPU.ActiveCfg = Debug|Any CPU
		{B2E3C2C9-F8EC-43AE-82F4-D122B32473A7}.Debug|Any CPU.Build.0 = Debug|Any CPU
		{B2E3C2C9-F8EC-43AE-82F4-D122B32473A7}.Release|Any CPU.ActiveCfg = Release|Any CPU
		{B2E3C2C9-F8EC-43AE-82F4-D122B32473A7}.Release|Any CPU.Build.0 = Release|Any CPU
		{1738EF5B-756D-4D89-B804-B41F359CA0FD}.Debug|Any CPU.ActiveCfg = Debug|Any CPU
		{1738EF5B-756D-4D89-B804-B41F359CA0FD}.Debug|Any CPU.Build.0 = Debug|Any CPU
		{1738EF5B-756D-4D89-B804-B41F359CA0FD}.Release|Any CPU.ActiveCfg = Release|Any CPU
		{1738EF5B-756D-4D89-B804-B41F359CA0FD}.Release|Any CPU.Build.0 = Release|Any CPU
		{AF7D54CA-FE1C-40EC-83CD-F904217FFA52}.Debug|Any CPU.ActiveCfg = Debug|Any CPU
		{AF7D54CA-FE1C-40EC-83CD-F904217FFA52}.Debug|Any CPU.Build.0 = Debug|Any CPU
		{AF7D54CA-FE1C-40EC-83CD-F904217FFA52}.Release|Any CPU.ActiveCfg = Release|Any CPU
		{AF7D54CA-FE1C-40EC-83CD-F904217FFA52}.Release|Any CPU.Build.0 = Release|Any CPU
		{1216AC18-C362-4F3A-B7F2-A8AB03F935CC}.Debug|Any CPU.ActiveCfg = Debug|Any CPU
		{1216AC18-C362-4F3A-B7F2-A8AB03F935CC}.Debug|Any CPU.Build.0 = Debug|Any CPU
		{1216AC18-C362-4F3A-B7F2-A8AB03F935CC}.Release|Any CPU.ActiveCfg = Release|Any CPU
		{1216AC18-C362-4F3A-B7F2-A8AB03F935CC}.Release|Any CPU.Build.0 = Release|Any CPU
		{3E533A92-5EE0-4ABA-A75C-D006904F6398}.Debug|Any CPU.ActiveCfg = Debug|Any CPU
		{3E533A92-5EE0-4ABA-A75C-D006904F6398}.Debug|Any CPU.Build.0 = Debug|Any CPU
		{3E533A92-5EE0-4ABA-A75C-D006904F6398}.Release|Any CPU.ActiveCfg = Release|Any CPU
		{3E533A92-5EE0-4ABA-A75C-D006904F6398}.Release|Any CPU.Build.0 = Release|Any CPU
		{3E1A39C9-1C65-471E-9853-D9459F9D6763}.Debug|Any CPU.ActiveCfg = Debug|Any CPU
		{3E1A39C9-1C65-471E-9853-D9459F9D6763}.Debug|Any CPU.Build.0 = Debug|Any CPU
		{3E1A39C9-1C65-471E-9853-D9459F9D6763}.Release|Any CPU.ActiveCfg = Release|Any CPU
		{3E1A39C9-1C65-471E-9853-D9459F9D6763}.Release|Any CPU.Build.0 = Release|Any CPU
		{FA5296C2-14EE-4D63-A189-431371D58C16}.Debug|Any CPU.ActiveCfg = Debug|Any CPU
		{FA5296C2-14EE-4D63-A189-431371D58C16}.Debug|Any CPU.Build.0 = Debug|Any CPU
		{FA5296C2-14EE-4D63-A189-431371D58C16}.Release|Any CPU.ActiveCfg = Release|Any CPU
		{FA5296C2-14EE-4D63-A189-431371D58C16}.Release|Any CPU.Build.0 = Release|Any CPU
		{368E2767-94AE-4DF3-B05F-8EBD3A0525B0}.Debug|Any CPU.ActiveCfg = Debug|Any CPU
		{368E2767-94AE-4DF3-B05F-8EBD3A0525B0}.Debug|Any CPU.Build.0 = Debug|Any CPU
		{368E2767-94AE-4DF3-B05F-8EBD3A0525B0}.Release|Any CPU.ActiveCfg = Release|Any CPU
		{368E2767-94AE-4DF3-B05F-8EBD3A0525B0}.Release|Any CPU.Build.0 = Release|Any CPU
	EndGlobalSection
EndGlobal
